
Microsoft Visual Studio Solution File, Format Version 12.00
# Visual Studio 15
Project("{FAE04EC0-301F-11D3-BF4B-00C04F79EFBC}") = "WebTestLogin", "WebTestLogin\WebTestLogin.csproj", "{EF00E2DB-9F87-4F79-889B-63D33E7182D8}"
EndProject
Global
	GlobalSection(SolutionConfigurationPlatforms) = preSolution
		Debug|Any CPU = Debug|Any CPU
		Release|Any CPU = Release|Any CPU
	EndGlobalSection
	GlobalSection(ProjectConfigurationPlatforms) = postSolution
		{EF00E2DB-9F87-4F79-889B-63D33E7182D8}.Debug|Any CPU.ActiveCfg = Debug|Any CPU
		{EF00E2DB-9F87-4F79-889B-63D33E7182D8}.Debug|Any CPU.Build.0 = Debug|Any CPU
		{EF00E2DB-9F87-4F79-889B-63D33E7182D8}.Release|Any CPU.ActiveCfg = Release|Any CPU
		{EF00E2DB-9F87-4F79-889B-63D33E7182D8}.Release|Any CPU.Build.0 = Release|Any CPU
	EndGlobalSection
EndGlobal
